// !$*UTF8*$!
{
	archiveVersion = 1;
	classes = {
	};
	objectVersion = 56;
	objects = {

/* Begin PBXBuildFile section */
		655CB6812B3E8C53008C0093 /* EarthquakesApp.swift in Sources */ = {isa = PBXBuildFile; fileRef = 655CB6802B3E8C53008C0093 /* EarthquakesApp.swift */; };
		655CB6852B3E8C55008C0093 /* Assets.xcassets in Resources */ = {isa = PBXBuildFile; fileRef = 655CB6842B3E8C55008C0093 /* Assets.xcassets */; };
		655CB6882B3E8C55008C0093 /* Preview Assets.xcassets in Resources */ = {isa = PBXBuildFile; fileRef = 655CB6872B3E8C55008C0093 /* Preview Assets.xcassets */; };
		655CB6942B3E8C83008C0093 /* Quake.swift in Sources */ = {isa = PBXBuildFile; fileRef = 655CB68F2B3E8C83008C0093 /* Quake.swift */; };
		655CB6952B3E8C83008C0093 /* QuakeError.swift in Sources */ = {isa = PBXBuildFile; fileRef = 655CB6902B3E8C83008C0093 /* QuakeError.swift */; };
		655CB6962B3E8C83008C0093 /* QuakeLocation.swift in Sources */ = {isa = PBXBuildFile; fileRef = 655CB6912B3E8C83008C0093 /* QuakeLocation.swift */; };
		655CB6972B3E8C83008C0093 /* Quake+Color.swift in Sources */ = {isa = PBXBuildFile; fileRef = 655CB6922B3E8C83008C0093 /* Quake+Color.swift */; };
		655CB6982B3E8C83008C0093 /* GeoJSON.swift in Sources */ = {isa = PBXBuildFile; fileRef = 655CB6932B3E8C83008C0093 /* GeoJSON.swift */; };
		655CB6A42B3E8C95008C0093 /* QuakeMagnitude.swift in Sources */ = {isa = PBXBuildFile; fileRef = 655CB69A2B3E8C95008C0093 /* QuakeMagnitude.swift */; };
		655CB6A52B3E8C95008C0093 /* QuakeRow.swift in Sources */ = {isa = PBXBuildFile; fileRef = 655CB69B2B3E8C95008C0093 /* QuakeRow.swift */; };
		655CB6A62B3E8C95008C0093 /* Quakes.swift in Sources */ = {isa = PBXBuildFile; fileRef = 655CB69C2B3E8C95008C0093 /* Quakes.swift */; };
		655CB6A72B3E8C95008C0093 /* EditButton.swift in Sources */ = {isa = PBXBuildFile; fileRef = 655CB69E2B3E8C95008C0093 /* EditButton.swift */; };
		655CB6A82B3E8C95008C0093 /* SelectButton.swift in Sources */ = {isa = PBXBuildFile; fileRef = 655CB69F2B3E8C95008C0093 /* SelectButton.swift */; };
		655CB6A92B3E8C95008C0093 /* RefreshButton.swift in Sources */ = {isa = PBXBuildFile; fileRef = 655CB6A02B3E8C95008C0093 /* RefreshButton.swift */; };
		655CB6AA2B3E8C95008C0093 /* DeleteButton.swift in Sources */ = {isa = PBXBuildFile; fileRef = 655CB6A12B3E8C95008C0093 /* DeleteButton.swift */; };
		655CB6AB2B3E8C95008C0093 /* Quakes+Toolbar.swift in Sources */ = {isa = PBXBuildFile; fileRef = 655CB6A22B3E8C95008C0093 /* Quakes+Toolbar.swift */; };
		655CB6AC2B3E8C95008C0093 /* ToolbarStatus.swift in Sources */ = {isa = PBXBuildFile; fileRef = 655CB6A32B3E8C95008C0093 /* ToolbarStatus.swift */; };
		655CB6C82B3E9114008C0093 /* EarthquakeTests.swift in Sources */ = {isa = PBXBuildFile; fileRef = 655CB6C72B3E9114008C0093 /* EarthquakeTests.swift */; };
		655ED8972B3E98A8001BA3D5 /* HTTPDataDownloader.swift in Sources */ = {isa = PBXBuildFile; fileRef = 655ED8962B3E98A8001BA3D5 /* HTTPDataDownloader.swift */; };
		655ED8992B3E98F0001BA3D5 /* QuakeClient.swift in Sources */ = {isa = PBXBuildFile; fileRef = 655ED8982B3E98F0001BA3D5 /* QuakeClient.swift */; };
		655ED89A2B3E99C4001BA3D5 /* TestData.swift in Sources */ = {isa = PBXBuildFile; fileRef = 655CB6C22B3E8E82008C0093 /* TestData.swift */; };
		655ED89C2B3E99DB001BA3D5 /* TestDownloader.swift in Sources */ = {isa = PBXBuildFile; fileRef = 655ED89B2B3E99DB001BA3D5 /* TestDownloader.swift */; };
		655ED89E2B3E9A5E001BA3D5 /* QuakesProvider.swift in Sources */ = {isa = PBXBuildFile; fileRef = 655ED89D2B3E9A5E001BA3D5 /* QuakesProvider.swift */; };
/* End PBXBuildFile section */

/* Begin PBXContainerItemProxy section */
		655CB6BC2B3E8E6A008C0093 /* PBXContainerItemProxy */ = {
			isa = PBXContainerItemProxy;
			containerPortal = 655CB6752B3E8C53008C0093 /* Project object */;
			proxyType = 1;
			remoteGlobalIDString = 655CB67C2B3E8C53008C0093;
			remoteInfo = Earthquakes;
		};
/* End PBXContainerItemProxy section */

/* Begin PBXFileReference section */
		655CB67D2B3E8C53008C0093 /* Earthquakes.app */ = {isa = PBXFileReference; explicitFileType = wrapper.application; includeInIndex = 0; path = Earthquakes.app; sourceTree = BUILT_PRODUCTS_DIR; };
		655CB6802B3E8C53008C0093 /* EarthquakesApp.swift */ = {isa = PBXFileReference; lastKnownFileType = sourcecode.swift; path = EarthquakesApp.swift; sourceTree = "<group>"; };
		655CB6842B3E8C55008C0093 /* Assets.xcassets */ = {isa = PBXFileReference; lastKnownFileType = folder.assetcatalog; path = Assets.xcassets; sourceTree = "<group>"; };
		655CB6872B3E8C55008C0093 /* Preview Assets.xcassets */ = {isa = PBXFileReference; lastKnownFileType = folder.assetcatalog; path = "Preview Assets.xcassets"; sourceTree = "<group>"; };
		655CB68F2B3E8C83008C0093 /* Quake.swift */ = {isa = PBXFileReference; fileEncoding = 4; lastKnownFileType = sourcecode.swift; path = Quake.swift; sourceTree = "<group>"; };
		655CB6902B3E8C83008C0093 /* QuakeError.swift */ = {isa = PBXFileReference; fileEncoding = 4; lastKnownFileType = sourcecode.swift; path = QuakeError.swift; sourceTree = "<group>"; };
		655CB6912B3E8C83008C0093 /* QuakeLocation.swift */ = {isa = PBXFileReference; fileEncoding = 4; lastKnownFileType = sourcecode.swift; path = QuakeLocation.swift; sourceTree = "<group>"; };
		655CB6922B3E8C83008C0093 /* Quake+Color.swift */ = {isa = PBXFileReference; fileEncoding = 4; lastKnownFileType = sourcecode.swift; path = "Quake+Color.swift"; sourceTree = "<group>"; };
		655CB6932B3E8C83008C0093 /* GeoJSON.swift */ = {isa = PBXFileReference; fileEncoding = 4; lastKnownFileType = sourcecode.swift; path = GeoJSON.swift; sourceTree = "<group>"; };
		655CB69A2B3E8C95008C0093 /* QuakeMagnitude.swift */ = {isa = PBXFileReference; fileEncoding = 4; lastKnownFileType = sourcecode.swift; path = QuakeMagnitude.swift; sourceTree = "<group>"; };
		655CB69B2B3E8C95008C0093 /* QuakeRow.swift */ = {isa = PBXFileReference; fileEncoding = 4; lastKnownFileType = sourcecode.swift; path = QuakeRow.swift; sourceTree = "<group>"; };
		655CB69C2B3E8C95008C0093 /* Quakes.swift */ = {isa = PBXFileReference; fileEncoding = 4; lastKnownFileType = sourcecode.swift; path = Quakes.swift; sourceTree = "<group>"; };
		655CB69E2B3E8C95008C0093 /* EditButton.swift */ = {isa = PBXFileReference; fileEncoding = 4; lastKnownFileType = sourcecode.swift; path = EditButton.swift; sourceTree = "<group>"; };
		655CB69F2B3E8C95008C0093 /* SelectButton.swift */ = {isa = PBXFileReference; fileEncoding = 4; lastKnownFileType = sourcecode.swift; path = SelectButton.swift; sourceTree = "<group>"; };
		655CB6A02B3E8C95008C0093 /* RefreshButton.swift */ = {isa = PBXFileReference; fileEncoding = 4; lastKnownFileType = sourcecode.swift; path = RefreshButton.swift; sourceTree = "<group>"; };
		655CB6A12B3E8C95008C0093 /* DeleteButton.swift */ = {isa = PBXFileReference; fileEncoding = 4; lastKnownFileType = sourcecode.swift; path = DeleteButton.swift; sourceTree = "<group>"; };
		655CB6A22B3E8C95008C0093 /* Quakes+Toolbar.swift */ = {isa = PBXFileReference; fileEncoding = 4; lastKnownFileType = sourcecode.swift; path = "Quakes+Toolbar.swift"; sourceTree = "<group>"; };
		655CB6A32B3E8C95008C0093 /* ToolbarStatus.swift */ = {isa = PBXFileReference; fileEncoding = 4; lastKnownFileType = sourcecode.swift; path = ToolbarStatus.swift; sourceTree = "<group>"; };
		655CB6B82B3E8E6A008C0093 /* EarthquakesTests.xctest */ = {isa = PBXFileReference; explicitFileType = wrapper.cfbundle; includeInIndex = 0; path = EarthquakesTests.xctest; sourceTree = BUILT_PRODUCTS_DIR; };
		655CB6C22B3E8E82008C0093 /* TestData.swift */ = {isa = PBXFileReference; fileEncoding = 4; lastKnownFileType = sourcecode.swift; path = TestData.swift; sourceTree = "<group>"; };
		655CB6C72B3E9114008C0093 /* EarthquakeTests.swift */ = {isa = PBXFileReference; lastKnownFileType = sourcecode.swift; path = EarthquakeTests.swift; sourceTree = "<group>"; };
		655ED8952B3E948F001BA3D5 /* Earthquakes.xctestplan */ = {isa = PBXFileReference; lastKnownFileType = text; path = Earthquakes.xctestplan; sourceTree = "<group>"; };
		655ED8962B3E98A8001BA3D5 /* HTTPDataDownloader.swift */ = {isa = PBXFileReference; lastKnownFileType = sourcecode.swift; path = HTTPDataDownloader.swift; sourceTree = "<group>"; };
		655ED8982B3E98F0001BA3D5 /* QuakeClient.swift */ = {isa = PBXFileReference; lastKnownFileType = sourcecode.swift; path = QuakeClient.swift; sourceTree = "<group>"; };
		655ED89B2B3E99DB001BA3D5 /* TestDownloader.swift */ = {isa = PBXFileReference; lastKnownFileType = sourcecode.swift; path = TestDownloader.swift; sourceTree = "<group>"; };
		655ED89D2B3E9A5E001BA3D5 /* QuakesProvider.swift */ = {isa = PBXFileReference; lastKnownFileType = sourcecode.swift; path = QuakesProvider.swift; sourceTree = "<group>"; };
/* End PBXFileReference section */

/* Begin PBXFrameworksBuildPhase section */
		655CB67A2B3E8C53008C0093 /* Frameworks */ = {
			isa = PBXFrameworksBuildPhase;
			buildActionMask = 2147483647;
			files = (
			);
			runOnlyForDeploymentPostprocessing = 0;
		};
		655CB6B52B3E8E6A008C0093 /* Frameworks */ = {
			isa = PBXFrameworksBuildPhase;
			buildActionMask = 2147483647;
			files = (
			);
			runOnlyForDeploymentPostprocessing = 0;
		};
/* End PBXFrameworksBuildPhase section */

/* Begin PBXGroup section */
		655CB6742B3E8C53008C0093 = {
			isa = PBXGroup;
			children = (
				655ED8952B3E948F001BA3D5 /* Earthquakes.xctestplan */,
				655CB67F2B3E8C53008C0093 /* Earthquakes */,
				655CB6B92B3E8E6A008C0093 /* EarthquakesTests */,
				655CB67E2B3E8C53008C0093 /* Products */,
			);
			sourceTree = "<group>";
		};
		655CB67E2B3E8C53008C0093 /* Products */ = {
			isa = PBXGroup;
			children = (
				655CB67D2B3E8C53008C0093 /* Earthquakes.app */,
				655CB6B82B3E8E6A008C0093 /* EarthquakesTests.xctest */,
			);
			name = Products;
			sourceTree = "<group>";
		};
		655CB67F2B3E8C53008C0093 /* Earthquakes */ = {
			isa = PBXGroup;
			children = (
				655CB6802B3E8C53008C0093 /* EarthquakesApp.swift */,
				655CB68E2B3E8C83008C0093 /* Models */,
				655CB6992B3E8C95008C0093 /* Views */,
				655CB6842B3E8C55008C0093 /* Assets.xcassets */,
				655CB6862B3E8C55008C0093 /* Preview Content */,
			);
			path = Earthquakes;
			sourceTree = "<group>";
		};
		655CB6862B3E8C55008C0093 /* Preview Content */ = {
			isa = PBXGroup;
			children = (
				655CB6872B3E8C55008C0093 /* Preview Assets.xcassets */,
				655CB6C22B3E8E82008C0093 /* TestData.swift */,
				655ED89B2B3E99DB001BA3D5 /* TestDownloader.swift */,
			);
			path = "Preview Content";
			sourceTree = "<group>";
		};
		655CB68E2B3E8C83008C0093 /* Models */ = {
			isa = PBXGroup;
			children = (
				655CB68F2B3E8C83008C0093 /* Quake.swift */,
				655CB6902B3E8C83008C0093 /* QuakeError.swift */,
				655CB6912B3E8C83008C0093 /* QuakeLocation.swift */,
				655CB6922B3E8C83008C0093 /* Quake+Color.swift */,
				655CB6932B3E8C83008C0093 /* GeoJSON.swift */,
				655ED8962B3E98A8001BA3D5 /* HTTPDataDownloader.swift */,
				655ED8982B3E98F0001BA3D5 /* QuakeClient.swift */,
				655ED89D2B3E9A5E001BA3D5 /* QuakesProvider.swift */,
			);
			path = Models;
			sourceTree = "<group>";
		};
		655CB6992B3E8C95008C0093 /* Views */ = {
			isa = PBXGroup;
			children = (
				655CB69A2B3E8C95008C0093 /* QuakeMagnitude.swift */,
				655CB69B2B3E8C95008C0093 /* QuakeRow.swift */,
				655CB69C2B3E8C95008C0093 /* Quakes.swift */,
				655CB69D2B3E8C95008C0093 /* ToolbarContent */,
			);
			path = Views;
			sourceTree = "<group>";
		};
		655CB69D2B3E8C95008C0093 /* ToolbarContent */ = {
			isa = PBXGroup;
			children = (
				655CB69E2B3E8C95008C0093 /* EditButton.swift */,
				655CB69F2B3E8C95008C0093 /* SelectButton.swift */,
				655CB6A02B3E8C95008C0093 /* RefreshButton.swift */,
				655CB6A12B3E8C95008C0093 /* DeleteButton.swift */,
				655CB6A22B3E8C95008C0093 /* Quakes+Toolbar.swift */,
				655CB6A32B3E8C95008C0093 /* ToolbarStatus.swift */,
			);
			path = ToolbarContent;
			sourceTree = "<group>";
		};
		655CB6B92B3E8E6A008C0093 /* EarthquakesTests */ = {
			isa = PBXGroup;
			children = (
				655CB6C72B3E9114008C0093 /* EarthquakeTests.swift */,
			);
			path = EarthquakesTests;
			sourceTree = "<group>";
		};
/* End PBXGroup section */

/* Begin PBXNativeTarget section */
		655CB67C2B3E8C53008C0093 /* Earthquakes */ = {
			isa = PBXNativeTarget;
			buildConfigurationList = 655CB68B2B3E8C55008C0093 /* Build configuration list for PBXNativeTarget "Earthquakes" */;
			buildPhases = (
				655CB6792B3E8C53008C0093 /* Sources */,
				655CB67A2B3E8C53008C0093 /* Frameworks */,
				655CB67B2B3E8C53008C0093 /* Resources */,
			);
			buildRules = (
			);
			dependencies = (
			);
			name = Earthquakes;
			productName = Earthquakes;
			productReference = 655CB67D2B3E8C53008C0093 /* Earthquakes.app */;
			productType = "com.apple.product-type.application";
		};
		655CB6B72B3E8E6A008C0093 /* EarthquakesTests */ = {
			isa = PBXNativeTarget;
			buildConfigurationList = 655CB6BE2B3E8E6A008C0093 /* Build configuration list for PBXNativeTarget "EarthquakesTests" */;
			buildPhases = (
				655CB6B42B3E8E6A008C0093 /* Sources */,
				655CB6B52B3E8E6A008C0093 /* Frameworks */,
				655CB6B62B3E8E6A008C0093 /* Resources */,
			);
			buildRules = (
			);
			dependencies = (
				655CB6BD2B3E8E6A008C0093 /* PBXTargetDependency */,
			);
			name = EarthquakesTests;
			productName = EarthquakesTests;
			productReference = 655CB6B82B3E8E6A008C0093 /* EarthquakesTests.xctest */;
			productType = "com.apple.product-type.bundle.unit-test";
		};
/* End PBXNativeTarget section */

/* Begin PBXProject section */
		655CB6752B3E8C53008C0093 /* Project object */ = {
			isa = PBXProject;
			attributes = {
				BuildIndependentTargetsInParallel = 1;
				LastSwiftUpdateCheck = 1510;
				LastUpgradeCheck = 1510;
				TargetAttributes = {
					655CB67C2B3E8C53008C0093 = {
						CreatedOnToolsVersion = 15.1;
					};
					655CB6B72B3E8E6A008C0093 = {
						CreatedOnToolsVersion = 15.1;
						LastSwiftMigration = 1510;
						TestTargetID = 655CB67C2B3E8C53008C0093;
					};
				};
			};
			buildConfigurationList = 655CB6782B3E8C53008C0093 /* Build configuration list for PBXProject "Earthquakes" */;
			compatibilityVersion = "Xcode 14.0";
			developmentRegion = en;
			hasScannedForEncodings = 0;
			knownRegions = (
				en,
				Base,
			);
			mainGroup = 655CB6742B3E8C53008C0093;
			productRefGroup = 655CB67E2B3E8C53008C0093 /* Products */;
			projectDirPath = "";
			projectRoot = "";
			targets = (
				655CB67C2B3E8C53008C0093 /* Earthquakes */,
				655CB6B72B3E8E6A008C0093 /* EarthquakesTests */,
			);
		};
/* End PBXProject section */

/* Begin PBXResourcesBuildPhase section */
		655CB67B2B3E8C53008C0093 /* Resources */ = {
			isa = PBXResourcesBuildPhase;
			buildActionMask = 2147483647;
			files = (
				655CB6882B3E8C55008C0093 /* Preview Assets.xcassets in Resources */,
				655CB6852B3E8C55008C0093 /* Assets.xcassets in Resources */,
			);
			runOnlyForDeploymentPostprocessing = 0;
		};
		655CB6B62B3E8E6A008C0093 /* Resources */ = {
			isa = PBXResourcesBuildPhase;
			buildActionMask = 2147483647;
			files = (
			);
			runOnlyForDeploymentPostprocessing = 0;
		};
/* End PBXResourcesBuildPhase section */

/* Begin PBXSourcesBuildPhase section */
		655CB6792B3E8C53008C0093 /* Sources */ = {
			isa = PBXSourcesBuildPhase;
			buildActionMask = 2147483647;
			files = (
				655CB6952B3E8C83008C0093 /* QuakeError.swift in Sources */,
				655CB6972B3E8C83008C0093 /* Quake+Color.swift in Sources */,
				655CB6AB2B3E8C95008C0093 /* Quakes+Toolbar.swift in Sources */,
				655CB6962B3E8C83008C0093 /* QuakeLocation.swift in Sources */,
				655CB6A72B3E8C95008C0093 /* EditButton.swift in Sources */,
				655CB6AC2B3E8C95008C0093 /* ToolbarStatus.swift in Sources */,
				655CB6AA2B3E8C95008C0093 /* DeleteButton.swift in Sources */,
				655CB6A62B3E8C95008C0093 /* Quakes.swift in Sources */,
				655ED89E2B3E9A5E001BA3D5 /* QuakesProvider.swift in Sources */,
				655CB6982B3E8C83008C0093 /* GeoJSON.swift in Sources */,
				655ED89A2B3E99C4001BA3D5 /* TestData.swift in Sources */,
				655CB6A52B3E8C95008C0093 /* QuakeRow.swift in Sources */,
				655CB6A42B3E8C95008C0093 /* QuakeMagnitude.swift in Sources */,
				655CB6A82B3E8C95008C0093 /* SelectButton.swift in Sources */,
				655ED8972B3E98A8001BA3D5 /* HTTPDataDownloader.swift in Sources */,
				655CB6A92B3E8C95008C0093 /* RefreshButton.swift in Sources */,
				655ED8992B3E98F0001BA3D5 /* QuakeClient.swift in Sources */,
				655CB6942B3E8C83008C0093 /* Quake.swift in Sources */,
				655ED89C2B3E99DB001BA3D5 /* TestDownloader.swift in Sources */,
				655CB6812B3E8C53008C0093 /* EarthquakesApp.swift in Sources */,
			);
			runOnlyForDeploymentPostprocessing = 0;
		};
		655CB6B42B3E8E6A008C0093 /* Sources */ = {
			isa = PBXSourcesBuildPhase;
			buildActionMask = 2147483647;
			files = (
				655CB6C82B3E9114008C0093 /* EarthquakeTests.swift in Sources */,
			);
			runOnlyForDeploymentPostprocessing = 0;
		};
/* End PBXSourcesBuildPhase section */

/* Begin PBXTargetDependency section */
		655CB6BD2B3E8E6A008C0093 /* PBXTargetDependency */ = {
			isa = PBXTargetDependency;
			target = 655CB67C2B3E8C53008C0093 /* Earthquakes */;
			targetProxy = 655CB6BC2B3E8E6A008C0093 /* PBXContainerItemProxy */;
		};
/* End PBXTargetDependency section */

/* Begin XCBuildConfiguration section */
		655CB6892B3E8C55008C0093 /* Debug */ = {
			isa = XCBuildConfiguration;
			buildSettings = {
				ALWAYS_SEARCH_USER_PATHS = NO;
				ASSETCATALOG_COMPILER_GENERATE_SWIFT_ASSET_SYMBOL_EXTENSIONS = YES;
				CLANG_ANALYZER_NONNULL = YES;
				CLANG_ANALYZER_NUMBER_OBJECT_CONVERSION = YES_AGGRESSIVE;
				CLANG_CXX_LANGUAGE_STANDARD = "gnu++20";
				CLANG_ENABLE_MODULES = YES;
				CLANG_ENABLE_OBJC_ARC = YES;
				CLANG_ENABLE_OBJC_WEAK = YES;
				CLANG_WARN_BLOCK_CAPTURE_AUTORELEASING = YES;
				CLANG_WARN_BOOL_CONVERSION = YES;
				CLANG_WARN_COMMA = YES;
				CLANG_WARN_CONSTANT_CONVERSION = YES;
				CLANG_WARN_DEPRECATED_OBJC_IMPLEMENTATIONS = YES;
				CLANG_WARN_DIRECT_OBJC_ISA_USAGE = YES_ERROR;
				CLANG_WARN_DOCUMENTATION_COMMENTS = YES;
				CLANG_WARN_EMPTY_BODY = YES;
				CLANG_WARN_ENUM_CONVERSION = YES;
				CLANG_WARN_INFINITE_RECURSION = YES;
				CLANG_WARN_INT_CONVERSION = YES;
				CLANG_WARN_NON_LITERAL_NULL_CONVERSION = YES;
				CLANG_WARN_OBJC_IMPLICIT_RETAIN_SELF = YES;
				CLANG_WARN_OBJC_LITERAL_CONVERSION = YES;
				CLANG_WARN_OBJC_ROOT_CLASS = YES_ERROR;
				CLANG_WARN_QUOTED_INCLUDE_IN_FRAMEWORK_HEADER = YES;
				CLANG_WARN_RANGE_LOOP_ANALYSIS = YES;
				CLANG_WARN_STRICT_PROTOTYPES = YES;
				CLANG_WARN_SUSPICIOUS_MOVE = YES;
				CLANG_WARN_UNGUARDED_AVAILABILITY = YES_AGGRESSIVE;
				CLANG_WARN_UNREACHABLE_CODE = YES;
				CLANG_WARN__DUPLICATE_METHOD_MATCH = YES;
				COPY_PHASE_STRIP = NO;
				DEBUG_INFORMATION_FORMAT = dwarf;
				ENABLE_STRICT_OBJC_MSGSEND = YES;
				ENABLE_TESTABILITY = YES;
				ENABLE_USER_SCRIPT_SANDBOXING = YES;
				GCC_C_LANGUAGE_STANDARD = gnu17;
				GCC_DYNAMIC_NO_PIC = NO;
				GCC_NO_COMMON_BLOCKS = YES;
				GCC_OPTIMIZATION_LEVEL = 0;
				GCC_PREPROCESSOR_DEFINITIONS = (
					"DEBUG=1",
					"$(inherited)",
				);
				GCC_WARN_64_TO_32_BIT_CONVERSION = YES;
				GCC_WARN_ABOUT_RETURN_TYPE = YES_ERROR;
				GCC_WARN_UNDECLARED_SELECTOR = YES;
				GCC_WARN_UNINITIALIZED_AUTOS = YES_AGGRESSIVE;
				GCC_WARN_UNUSED_FUNCTION = YES;
				GCC_WARN_UNUSED_VARIABLE = YES;
				IPHONEOS_DEPLOYMENT_TARGET = 16.4;
				LOCALIZATION_PREFERS_STRING_CATALOGS = YES;
				MTL_ENABLE_DEBUG_INFO = INCLUDE_SOURCE;
				MTL_FAST_MATH = YES;
				ONLY_ACTIVE_ARCH = YES;
				SDKROOT = iphoneos;
				SWIFT_ACTIVE_COMPILATION_CONDITIONS = "DEBUG $(inherited)";
				SWIFT_OPTIMIZATION_LEVEL = "-Onone";
			};
			name = Debug;
		};
		655CB68A2B3E8C55008C0093 /* Release */ = {
			isa = XCBuildConfiguration;
			buildSettings = {
				ALWAYS_SEARCH_USER_PATHS = NO;
				ASSETCATALOG_COMPILER_GENERATE_SWIFT_ASSET_SYMBOL_EXTENSIONS = YES;
				CLANG_ANALYZER_NONNULL = YES;
				CLANG_ANALYZER_NUMBER_OBJECT_CONVERSION = YES_AGGRESSIVE;
				CLANG_CXX_LANGUAGE_STANDARD = "gnu++20";
				CLANG_ENABLE_MODULES = YES;
				CLANG_ENABLE_OBJC_ARC = YES;
				CLANG_ENABLE_OBJC_WEAK = YES;
				CLANG_WARN_BLOCK_CAPTURE_AUTORELEASING = YES;
				CLANG_WARN_BOOL_CONVERSION = YES;
				CLANG_WARN_COMMA = YES;
				CLANG_WARN_CONSTANT_CONVERSION = YES;
				CLANG_WARN_DEPRECATED_OBJC_IMPLEMENTATIONS = YES;
				CLANG_WARN_DIRECT_OBJC_ISA_USAGE = YES_ERROR;
				CLANG_WARN_DOCUMENTATION_COMMENTS = YES;
				CLANG_WARN_EMPTY_BODY = YES;
				CLANG_WARN_ENUM_CONVERSION = YES;
				CLANG_WARN_INFINITE_RECURSION = YES;
				CLANG_WARN_INT_CONVERSION = YES;
				CLANG_WARN_NON_LITERAL_NULL_CONVERSION = YES;
				CLANG_WARN_OBJC_IMPLICIT_RETAIN_SELF = YES;
				CLANG_WARN_OBJC_LITERAL_CONVERSION = YES;
				CLANG_WARN_OBJC_ROOT_CLASS = YES_ERROR;
				CLANG_WARN_QUOTED_INCLUDE_IN_FRAMEWORK_HEADER = YES;
				CLANG_WARN_RANGE_LOOP_ANALYSIS = YES;
				CLANG_WARN_STRICT_PROTOTYPES = YES;
				CLANG_WARN_SUSPICIOUS_MOVE = YES;
				CLANG_WARN_UNGUARDED_AVAILABILITY = YES_AGGRESSIVE;
				CLANG_WARN_UNREACHABLE_CODE = YES;
				CLANG_WARN__DUPLICATE_METHOD_MATCH = YES;
				COPY_PHASE_STRIP = NO;
				DEBUG_INFORMATION_FORMAT = "dwarf-with-dsym";
				ENABLE_NS_ASSERTIONS = NO;
				ENABLE_STRICT_OBJC_MSGSEND = YES;
				ENABLE_USER_SCRIPT_SANDBOXING = YES;
				GCC_C_LANGUAGE_STANDARD = gnu17;
				GCC_NO_COMMON_BLOCKS = YES;
				GCC_WARN_64_TO_32_BIT_CONVERSION = YES;
				GCC_WARN_ABOUT_RETURN_TYPE = YES_ERROR;
				GCC_WARN_UNDECLARED_SELECTOR = YES;
				GCC_WARN_UNINITIALIZED_AUTOS = YES_AGGRESSIVE;
				GCC_WARN_UNUSED_FUNCTION = YES;
				GCC_WARN_UNUSED_VARIABLE = YES;
				IPHONEOS_DEPLOYMENT_TARGET = 16.4;
				LOCALIZATION_PREFERS_STRING_CATALOGS = YES;
				MTL_ENABLE_DEBUG_INFO = NO;
				MTL_FAST_MATH = YES;
				SDKROOT = iphoneos;
				SWIFT_COMPILATION_MODE = wholemodule;
				VALIDATE_PRODUCT = YES;
			};
			name = Release;
		};
		655CB68C2B3E8C55008C0093 /* Debug */ = {
			isa = XCBuildConfiguration;
			buildSettings = {
				ASSETCATALOG_COMPILER_APPICON_NAME = AppIcon;
				ASSETCATALOG_COMPILER_GLOBAL_ACCENT_COLOR_NAME = AccentColor;
				CODE_SIGN_STYLE = Automatic;
				CURRENT_PROJECT_VERSION = 1;
				DEVELOPMENT_ASSET_PATHS = "\"Earthquakes/Preview Content\"";
				DEVELOPMENT_TEAM = 9MCN5686MN;
				ENABLE_PREVIEWS = YES;
				GENERATE_INFOPLIST_FILE = YES;
				INFOPLIST_KEY_UIApplicationSceneManifest_Generation = YES;
				INFOPLIST_KEY_UIApplicationSupportsIndirectInputEvents = YES;
				INFOPLIST_KEY_UILaunchScreen_Generation = YES;
				INFOPLIST_KEY_UISupportedInterfaceOrientations_iPad = "UIInterfaceOrientationPortrait UIInterfaceOrientationPortraitUpsideDown UIInterfaceOrientationLandscapeLeft UIInterfaceOrientationLandscapeRight";
				INFOPLIST_KEY_UISupportedInterfaceOrientations_iPhone = "UIInterfaceOrientationPortrait UIInterfaceOrientationLandscapeLeft UIInterfaceOrientationLandscapeRight";
				IPHONEOS_DEPLOYMENT_TARGET = 16.4;
				LD_RUNPATH_SEARCH_PATHS = (
					"$(inherited)",
					"@executable_path/Frameworks",
				);
				MARKETING_VERSION = 1.0;
				PRODUCT_BUNDLE_IDENTIFIER = com.yugasamuel.Earthquakes;
				PRODUCT_NAME = "$(TARGET_NAME)";
				SWIFT_EMIT_LOC_STRINGS = YES;
				SWIFT_VERSION = 5.0;
				TARGETED_DEVICE_FAMILY = "1,2";
			};
			name = Debug;
		};
		655CB68D2B3E8C55008C0093 /* Release */ = {
			isa = XCBuildConfiguration;
			buildSettings = {
				ASSETCATALOG_COMPILER_APPICON_NAME = AppIcon;
				ASSETCATALOG_COMPILER_GLOBAL_ACCENT_COLOR_NAME = AccentColor;
				CODE_SIGN_STYLE = Automatic;
				CURRENT_PROJECT_VERSION = 1;
				DEVELOPMENT_ASSET_PATHS = "\"Earthquakes/Preview Content\"";
				DEVELOPMENT_TEAM = 9MCN5686MN;
				ENABLE_PREVIEWS = YES;
				GENERATE_INFOPLIST_FILE = YES;
				INFOPLIST_KEY_UIApplicationSceneManifest_Generation = YES;
				INFOPLIST_KEY_UIApplicationSupportsIndirectInputEvents = YES;
				INFOPLIST_KEY_UILaunchScreen_Generation = YES;
				INFOPLIST_KEY_UISupportedInterfaceOrientations_iPad = "UIInterfaceOrientationPortrait UIInterfaceOrientationPortraitUpsideDown UIInterfaceOrientationLandscapeLeft UIInterfaceOrientationLandscapeRight";
				INFOPLIST_KEY_UISupportedInterfaceOrientations_iPhone = "UIInterfaceOrientationPortrait UIInterfaceOrientationLandscapeLeft UIInterfaceOrientationLandscapeRight";
				IPHONEOS_DEPLOYMENT_TARGET = 16.4;
				LD_RUNPATH_SEARCH_PATHS = (
					"$(inherited)",
					"@executable_path/Frameworks",
				);
				MARKETING_VERSION = 1.0;
				PRODUCT_BUNDLE_IDENTIFIER = com.yugasamuel.Earthquakes;
				PRODUCT_NAME = "$(TARGET_NAME)";
				SWIFT_EMIT_LOC_STRINGS = YES;
				SWIFT_VERSION = 5.0;
				TARGETED_DEVICE_FAMILY = "1,2";
			};
			name = Release;
		};
		655CB6BF2B3E8E6A008C0093 /* Debug */ = {
			isa = XCBuildConfiguration;
			buildSettings = {
				BUNDLE_LOADER = "$(TEST_HOST)";
				CLANG_ENABLE_MODULES = YES;
				CODE_SIGN_STYLE = Automatic;
				CURRENT_PROJECT_VERSION = 1;
				DEVELOPMENT_TEAM = 9MCN5686MN;
				GENERATE_INFOPLIST_FILE = YES;
				IPHONEOS_DEPLOYMENT_TARGET = 16.4;
				MARKETING_VERSION = 1.0;
				PRODUCT_BUNDLE_IDENTIFIER = com.yugasamuel.EarthquakesTests;
				PRODUCT_NAME = "$(TARGET_NAME)";
				SWIFT_EMIT_LOC_STRINGS = NO;
				SWIFT_OPTIMIZATION_LEVEL = "-Onone";
				SWIFT_VERSION = 5.0;
				TARGETED_DEVICE_FAMILY = "1,2";
				TEST_HOST = "$(BUILT_PRODUCTS_DIR)/Earthquakes.app/$(BUNDLE_EXECUTABLE_FOLDER_PATH)/Earthquakes";
			};
			name = Debug;
		};
		655CB6C02B3E8E6A008C0093 /* Release */ = {
			isa = XCBuildConfiguration;
			buildSettings = {
				BUNDLE_LOADER = "$(TEST_HOST)";
				CLANG_ENABLE_MODULES = YES;
				CODE_SIGN_STYLE = Automatic;
				CURRENT_PROJECT_VERSION = 1;
				DEVELOPMENT_TEAM = 9MCN5686MN;
				GENERATE_INFOPLIST_FILE = YES;
				IPHONEOS_DEPLOYMENT_TARGET = 16.4;
				MARKETING_VERSION = 1.0;
				PRODUCT_BUNDLE_IDENTIFIER = com.yugasamuel.EarthquakesTests;
				PRODUCT_NAME = "$(TARGET_NAME)";
				SWIFT_EMIT_LOC_STRINGS = NO;
				SWIFT_VERSION = 5.0;
				TARGETED_DEVICE_FAMILY = "1,2";
				TEST_HOST = "$(BUILT_PRODUCTS_DIR)/Earthquakes.app/$(BUNDLE_EXECUTABLE_FOLDER_PATH)/Earthquakes";
			};
			name = Release;
		};
/* End XCBuildConfiguration section */

/* Begin XCConfigurationList section */
		655CB6782B3E8C53008C0093 /* Build configuration list for PBXProject "Earthquakes" */ = {
			isa = XCConfigurationList;
			buildConfigurations = (
				655CB6892B3E8C55008C0093 /* Debug */,
				655CB68A2B3E8C55008C0093 /* Release */,
			);
			defaultConfigurationIsVisible = 0;
			defaultConfigurationName = Release;
		};
		655CB68B2B3E8C55008C0093 /* Build configuration list for PBXNativeTarget "Earthquakes" */ = {
			isa = XCConfigurationList;
			buildConfigurations = (
				655CB68C2B3E8C55008C0093 /* Debug */,
				655CB68D2B3E8C55008C0093 /* Release */,
			);
			defaultConfigurationIsVisible = 0;
			defaultConfigurationName = Release;
		};
		655CB6BE2B3E8E6A008C0093 /* Build configuration list for PBXNativeTarget "EarthquakesTests" */ = {
			isa = XCConfigurationList;
			buildConfigurations = (
				655CB6BF2B3E8E6A008C0093 /* Debug */,
				655CB6C02B3E8E6A008C0093 /* Release */,
			);
			defaultConfigurationIsVisible = 0;
			defaultConfigurationName = Release;
		};
/* End XCConfigurationList section */
	};
	rootObject = 655CB6752B3E8C53008C0093 /* Project object */;
}
